
Microsoft Visual Studio Solution File, Format Version 12.00
# Visual Studio Version 18
VisualStudioVersion = 18.9.12120.119
MinimumVisualStudioVersion = 10.0.40219.1
Project("{9A19103F-16F7-4668-BE54-9A1E7A4F7556}") = "NTDLS.Helpers", "NTDLS.Helpers\NTDLS.Helpers.csproj", "{0F0230E1-BAB2-4E91-B5D7-73889B43CE37}"
EndProject
Project("{FAE04EC0-301F-11D3-BF4B-00C04F79EFBC}") = "NTDLS.Helpers.Tests", "NTDLS.Helpers.Tests\NTDLS.Helpers.Tests.csproj", "{F242A0F3-B171-49BB-B332-49F7578DD995}"
EndProject
Global
	GlobalSection(SolutionConfigurationPlatforms) = preSolution
		Debug|Any CPU = Debug|Any CPU
		Debug|x64 = Debug|x64
		Debug|x86 = Debug|x86
		Release|Any CPU = Release|Any CPU
		Release|x64 = Release|x64
		Release|x86 = Release|x86
	EndGlobalSection
	GlobalSection(ProjectConfigurationPlatforms) = postSolution
		{0F0230E1-BAB2-4E91-B5D7-73889B43CE37}.Debug|Any CPU.ActiveCfg = Debug|Any CPU
		{0F0230E1-BAB2-4E91-B5D7-73889B43CE37}.Debug|Any CPU.Build.0 = Debug|Any CPU
		{0F0230E1-BAB2-4E91-B5D7-73889B43CE37}.Debug|x64.ActiveCfg = Debug|Any CPU
		{0F0230E1-BAB2-4E91-B5D7-73889B43CE37}.Debug|x64.Build.0 = Debug|Any CPU
		{0F0230E1-BAB2-4E91-B5D7-73889B43CE37}.Debug|x86.ActiveCfg = Debug|Any CPU
		{0F0230E1-BAB2-4E91-B5D7-73889B43CE37}.Debug|x86.Build.0 = Debug|Any CPU
		{0F0230E1-BAB2-4E91-B5D7-73889B43CE37}.Release|Any CPU.ActiveCfg = Release|Any CPU
		{0F0230E1-BAB2-4E91-B5D7-73889B43CE37}.Release|Any CPU.Build.0 = Release|Any CPU
		{0F0230E1-BAB2-4E91-B5D7-73889B43CE37}.Release|x64.ActiveCfg = Release|Any CPU
		{0F0230E1-BAB2-4E91-B5D7-73889B43CE37}.Release|x64.Build.0 = Release|Any CPU
		{0F0230E1-BAB2-4E91-B5D7-73889B43CE37}.Release|x86.ActiveCfg = Release|Any CPU
		{0F0230E1-BAB2-4E91-B5D7-73889B43CE37}.Release|x86.Build.0 = Release|Any CPU
		{F242A0F3-B171-49BB-B332-49F7578DD995}.Debug|Any CPU.ActiveCfg = Debug|Any CPU
		{F242A0F3-B171-49BB-B332-49F7578DD995}.Debug|Any CPU.Build.0 = Debug|Any CPU
		{F242A0F3-B171-49BB-B332-49F7578DD995}.Debug|x64.ActiveCfg = Debug|Any CPU
		{F242A0F3-B171-49BB-B332-49F7578DD995}.Debug|x64.Build.0 = Debug|Any CPU
		{F242A0F3-B171-49BB-B332-49F7578DD995}.Debug|x86.ActiveCfg = Debug|Any CPU
		{F242A0F3-B171-49BB-B332-49F7578DD995}.Debug|x86.Build.0 = Debug|Any CPU
		{F242A0F3-B171-49BB-B332-49F7578DD995}.Release|Any CPU.ActiveCfg = Release|Any CPU
		{F242A0F3-B171-49BB-B332-49F7578DD995}.Release|Any CPU.Build.0 = Release|Any CPU
		{F242A0F3-B171-49BB-B332-49F7578DD995}.Release|x64.ActiveCfg = Release|Any CPU
		{F242A0F3-B171-49BB-B332-49F7578DD995}.Release|x64.Build.0 = Release|Any CPU
		{F242A0F3-B171-49BB-B332-49F7578DD995}.Release|x86.ActiveCfg = Release|Any CPU
		{F242A0F3-B171-49BB-B332-49F7578DD995}.Release|x86.Build.0 = Release|Any CPU
	EndGlobalSection
	GlobalSection(SolutionProperties) = preSolution
		HideSolutionNode = FALSE
	EndGlobalSection
	GlobalSection(ExtensibilityGlobals) = postSolution
		SolutionGuid = {19C148C0-2D48-4783-A65F-71D201E5EC1C}
	EndGlobalSection
EndGlobal
